
Microsoft Visual Studio Solution File, Format Version 12.00
# Visual Studio Version 16
VisualStudioVersion = 16.0.28714.193
MinimumVisualStudioVersion = 10.0.40219.1
Project("{9A19103F-16F7-4668-BE54-9A1E7A4F7556}") = "CodeClassesFragments", "src\CodeClassesFragments.csproj", "{D00DB1CF-220A-4B94-945C-368E8B52CB54}"
EndProject
Project("{FAE04EC0-301F-11D3-BF4B-00C04F79EFBC}") = "CodeClassesFragments.Test", "test\CodeClassesFragments.Test\CodeClassesFragments.Test.csproj", "{4A8D5768-4450-4CF2-AED5-28DDF370E12B}"
EndProject
Global
	GlobalSection(SolutionConfigurationPlatforms) = preSolution
		Debug|Any CPU = Debug|Any CPU
		Release|Any CPU = Release|Any CPU
	EndGlobalSection
	GlobalSection(ProjectConfigurationPlatforms) = postSolution
		{D00DB1CF-220A-4B94-945C-368E8B52CB54}.Debug|Any CPU.ActiveCfg = Debug|Any CPU
		{D00DB1CF-220A-4B94-945C-368E8B52CB54}.Debug|Any CPU.Build.0 = Debug|Any CPU
		{D00DB1CF-220A-4B94-945C-368E8B52CB54}.Release|Any CPU.ActiveCfg = Release|Any CPU
		{D00DB1CF-220A-4B94-945C-368E8B52CB54}.Release|Any CPU.Build.0 = Release|Any CPU
		{4A8D5768-4450-4CF2-AED5-28DDF370E12B}.Debug|Any CPU.ActiveCfg = Debug|Any CPU
		{4A8D5768-4450-4CF2-AED5-28DDF370E12B}.Debug|Any CPU.Build.0 = Debug|Any CPU
		{4A8D5768-4450-4CF2-AED5-28DDF370E12B}.Release|Any CPU.ActiveCfg = Release|Any CPU
		{4A8D5768-4450-4CF2-AED5-28DDF370E12B}.Release|Any CPU.Build.0 = Release|Any CPU
	EndGlobalSection
	GlobalSection(SolutionProperties) = preSolution
		HideSolutionNode = FALSE
	EndGlobalSection
	GlobalSection(ExtensibilityGlobals) = postSolution
		SolutionGuid = {0313BF23-9978-42AA-8C74-E1465C03E3E4}
	EndGlobalSection
EndGlobal
